// !$*UTF8*$!
{
	archiveVersion = 1;
	classes = {
	};
	objectVersion = 51;
	objects = {

/* Begin PBXBuildFile section */
		52D24263D9DE452F213164FE /* Pods_calendar.framework in Frameworks */ = {isa = PBXBuildFile; fileRef = DB321B55C07F7F9A770BA153 /* Pods_calendar.framework */; };
		9D26B57926BBA28B005D0D1A /* AppDelegate.swift in Sources */ = {isa = PBXBuildFile; fileRef = 9D26B57826BBA28B005D0D1A /* AppDelegate.swift */; };
		9D26B57B26BBA28B005D0D1A /* SceneDelegate.swift in Sources */ = {isa = PBXBuildFile; fileRef = 9D26B57A26BBA28B005D0D1A /* SceneDelegate.swift */; };
		9D26B57D26BBA28B005D0D1A /* ViewController.swift in Sources */ = {isa = PBXBuildFile; fileRef = 9D26B57C26BBA28B005D0D1A /* ViewController.swift */; };
		9D26B58026BBA28B005D0D1A /* Main.storyboard in Resources */ = {isa = PBXBuildFile; fileRef = 9D26B57E26BBA28B005D0D1A /* Main.storyboard */; };
		9D26B58226BBA28E005D0D1A /* Assets.xcassets in Resources */ = {isa = PBXBuildFile; fileRef = 9D26B58126BBA28E005D0D1A /* Assets.xcassets */; };
		9D26B58526BBA28E005D0D1A /* LaunchScreen.storyboard in Resources */ = {isa = PBXBuildFile; fileRef = 9D26B58326BBA28E005D0D1A /* LaunchScreen.storyboard */; };
		9DF6D0AF26BEA48C0090B0C2 /* CalendarViewController.swift in Sources */ = {isa = PBXBuildFile; fileRef = 9DF6D0AE26BEA48C0090B0C2 /* CalendarViewController.swift */; };
		F173DD6E26BEE1BE0097A387 /* CalendarModel.swift in Sources */ = {isa = PBXBuildFile; fileRef = F173DD6D26BEE1BE0097A387 /* CalendarModel.swift */; };
/* End PBXBuildFile section */

/* Begin PBXFileReference section */
		5D96B2A019E1780A4DC6E1A9 /* Pods-calendar.release.xcconfig */ = {isa = PBXFileReference; includeInIndex = 1; lastKnownFileType = text.xcconfig; name = "Pods-calendar.release.xcconfig"; path = "Target Support Files/Pods-calendar/Pods-calendar.release.xcconfig"; sourceTree = "<group>"; };
		84828915C57C15E84288D12A /* Pods-calendar.debug.xcconfig */ = {isa = PBXFileReference; includeInIndex = 1; lastKnownFileType = text.xcconfig; name = "Pods-calendar.debug.xcconfig"; path = "Target Support Files/Pods-calendar/Pods-calendar.debug.xcconfig"; sourceTree = "<group>"; };
		9D26B57526BBA28B005D0D1A /* calendar.app */ = {isa = PBXFileReference; explicitFileType = wrapper.application; includeInIndex = 0; path = calendar.app; sourceTree = BUILT_PRODUCTS_DIR; };
		9D26B57826BBA28B005D0D1A /* AppDelegate.swift */ = {isa = PBXFileReference; lastKnownFileType = sourcecode.swift; path = AppDelegate.swift; sourceTree = "<group>"; };
		9D26B57A26BBA28B005D0D1A /* SceneDelegate.swift */ = {isa = PBXFileReference; lastKnownFileType = sourcecode.swift; path = SceneDelegate.swift; sourceTree = "<group>"; };
		9D26B57C26BBA28B005D0D1A /* ViewController.swift */ = {isa = PBXFileReference; lastKnownFileType = sourcecode.swift; path = ViewController.swift; sourceTree = "<group>"; };
		9D26B57F26BBA28B005D0D1A /* Base */ = {isa = PBXFileReference; lastKnownFileType = file.storyboard; name = Base; path = Base.lproj/Main.storyboard; sourceTree = "<group>"; };
		9D26B58126BBA28E005D0D1A /* Assets.xcassets */ = {isa = PBXFileReference; lastKnownFileType = folder.assetcatalog; path = Assets.xcassets; sourceTree = "<group>"; };
		9D26B58426BBA28E005D0D1A /* Base */ = {isa = PBXFileReference; lastKnownFileType = file.storyboard; name = Base; path = Base.lproj/LaunchScreen.storyboard; sourceTree = "<group>"; };
		9D26B58626BBA28E005D0D1A /* Info.plist */ = {isa = PBXFileReference; lastKnownFileType = text.plist.xml; path = Info.plist; sourceTree = "<group>"; };
		9DF6D0AE26BEA48C0090B0C2 /* CalendarViewController.swift */ = {isa = PBXFileReference; lastKnownFileType = sourcecode.swift; path = CalendarViewController.swift; sourceTree = "<group>"; };
		DB321B55C07F7F9A770BA153 /* Pods_calendar.framework */ = {isa = PBXFileReference; explicitFileType = wrapper.framework; includeInIndex = 0; path = Pods_calendar.framework; sourceTree = BUILT_PRODUCTS_DIR; };
		F173DD6D26BEE1BE0097A387 /* CalendarModel.swift */ = {isa = PBXFileReference; lastKnownFileType = sourcecode.swift; path = CalendarModel.swift; sourceTree = "<group>"; };
/* End PBXFileReference section */

/* Begin PBXFrameworksBuildPhase section */
		9D26B57226BBA28B005D0D1A /* Frameworks */ = {
			isa = PBXFrameworksBuildPhase;
			buildActionMask = 2147483647;
			files = (
				52D24263D9DE452F213164FE /* Pods_calendar.framework in Frameworks */,
			);
			runOnlyForDeploymentPostprocessing = 0;
		};
/* End PBXFrameworksBuildPhase section */

/* Begin PBXGroup section */
		7DC51B6302DE54CFFDAD721D /* Frameworks */ = {
			isa = PBXGroup;
			children = (
				DB321B55C07F7F9A770BA153 /* Pods_calendar.framework */,
			);
			name = Frameworks;
			sourceTree = "<group>";
		};
		99966AA232D8188639CF94FB /* Pods */ = {
			isa = PBXGroup;
			children = (
				84828915C57C15E84288D12A /* Pods-calendar.debug.xcconfig */,
				5D96B2A019E1780A4DC6E1A9 /* Pods-calendar.release.xcconfig */,
			);
			path = Pods;
			sourceTree = "<group>";
		};
		9D26B56C26BBA28B005D0D1A = {
			isa = PBXGroup;
			children = (
				9D26B57726BBA28B005D0D1A /* calendar */,
				9D26B57626BBA28B005D0D1A /* Products */,
				99966AA232D8188639CF94FB /* Pods */,
				7DC51B6302DE54CFFDAD721D /* Frameworks */,
			);
			sourceTree = "<group>";
		};
		9D26B57626BBA28B005D0D1A /* Products */ = {
			isa = PBXGroup;
			children = (
				9D26B57526BBA28B005D0D1A /* calendar.app */,
			);
			name = Products;
			sourceTree = "<group>";
		};
		9D26B57726BBA28B005D0D1A /* calendar */ = {
			isa = PBXGroup;
			children = (
				F173DD6C26BEE0250097A387 /* model */,
				F173DD6B26BEE01F0097A387 /* ui */,
				9D26B57826BBA28B005D0D1A /* AppDelegate.swift */,
				9D26B57A26BBA28B005D0D1A /* SceneDelegate.swift */,
				9D26B57C26BBA28B005D0D1A /* ViewController.swift */,
				9D26B57E26BBA28B005D0D1A /* Main.storyboard */,
				9D26B58126BBA28E005D0D1A /* Assets.xcassets */,
				9D26B58326BBA28E005D0D1A /* LaunchScreen.storyboard */,
				9D26B58626BBA28E005D0D1A /* Info.plist */,
			);
			path = calendar;
			sourceTree = "<group>";
		};
		F173DD6B26BEE01F0097A387 /* ui */ = {
			isa = PBXGroup;
			children = (
				9DF6D0AE26BEA48C0090B0C2 /* CalendarViewController.swift */,
			);
			path = ui;
			sourceTree = "<group>";
		};
		F173DD6C26BEE0250097A387 /* model */ = {
			isa = PBXGroup;
			children = (
				F173DD6D26BEE1BE0097A387 /* CalendarModel.swift */,
			);
			path = model;
			sourceTree = "<group>";
		};
/* End PBXGroup section */

/* Begin PBXNativeTarget section */
		9D26B57426BBA28B005D0D1A /* calendar */ = {
			isa = PBXNativeTarget;
			buildConfigurationList = 9D26B58926BBA28E005D0D1A /* Build configuration list for PBXNativeTarget "calendar" */;
			buildPhases = (
				E1134A30DD8DCCA321F4471E /* [CP] Check Pods Manifest.lock */,
				9D26B57126BBA28B005D0D1A /* Sources */,
				9D26B57226BBA28B005D0D1A /* Frameworks */,
				9D26B57326BBA28B005D0D1A /* Resources */,
				CBCBF53F1011F5BCC3A28A95 /* [CP] Embed Pods Frameworks */,
			);
			buildRules = (
			);
			dependencies = (
			);
			name = calendar;
			productName = calendar;
			productReference = 9D26B57526BBA28B005D0D1A /* calendar.app */;
			productType = "com.apple.product-type.application";
		};
/* End PBXNativeTarget section */

/* Begin PBXProject section */
		9D26B56D26BBA28B005D0D1A /* Project object */ = {
			isa = PBXProject;
			attributes = {
				LastSwiftUpdateCheck = 1250;
				LastUpgradeCheck = 1250;
				TargetAttributes = {
					9D26B57426BBA28B005D0D1A = {
						CreatedOnToolsVersion = 12.5.1;
					};
				};
			};
			buildConfigurationList = 9D26B57026BBA28B005D0D1A /* Build configuration list for PBXProject "calendar" */;
			compatibilityVersion = "Xcode 9.3";
			developmentRegion = en;
			hasScannedForEncodings = 0;
			knownRegions = (
				en,
				Base,
			);
			mainGroup = 9D26B56C26BBA28B005D0D1A;
			productRefGroup = 9D26B57626BBA28B005D0D1A /* Products */;
			projectDirPath = "";
			projectRoot = "";
			targets = (
				9D26B57426BBA28B005D0D1A /* calendar */,
			);
		};
/* End PBXProject section */

/* Begin PBXResourcesBuildPhase section */
		9D26B57326BBA28B005D0D1A /* Resources */ = {
			isa = PBXResourcesBuildPhase;
			buildActionMask = 2147483647;
			files = (
				9D26B58526BBA28E005D0D1A /* LaunchScreen.storyboard in Resources */,
				9D26B58226BBA28E005D0D1A /* Assets.xcassets in Resources */,
				9D26B58026BBA28B005D0D1A /* Main.storyboard in Resources */,
			);
			runOnlyForDeploymentPostprocessing = 0;
		};
/* End PBXResourcesBuildPhase section */

/* Begin PBXShellScriptBuildPhase section */
		CBCBF53F1011F5BCC3A28A95 /* [CP] Embed Pods Frameworks */ = {
			isa = PBXShellScriptBuildPhase;
			buildActionMask = 2147483647;
			files = (
			);
			inputFileListPaths = (
				"${PODS_ROOT}/Target Support Files/Pods-calendar/Pods-calendar-frameworks-${CONFIGURATION}-input-files.xcfilelist",
			);
			name = "[CP] Embed Pods Frameworks";
			outputFileListPaths = (
				"${PODS_ROOT}/Target Support Files/Pods-calendar/Pods-calendar-frameworks-${CONFIGURATION}-output-files.xcfilelist",
			);
			runOnlyForDeploymentPostprocessing = 0;
			shellPath = /bin/sh;
			shellScript = "\"${PODS_ROOT}/Target Support Files/Pods-calendar/Pods-calendar-frameworks.sh\"\n";
			showEnvVarsInLog = 0;
		};
		E1134A30DD8DCCA321F4471E /* [CP] Check Pods Manifest.lock */ = {
			isa = PBXShellScriptBuildPhase;
			buildActionMask = 2147483647;
			files = (
			);
			inputFileListPaths = (
			);
			inputPaths = (
				"${PODS_PODFILE_DIR_PATH}/Podfile.lock",
				"${PODS_ROOT}/Manifest.lock",
			);
			name = "[CP] Check Pods Manifest.lock";
			outputFileListPaths = (
			);
			outputPaths = (
				"$(DERIVED_FILE_DIR)/Pods-calendar-checkManifestLockResult.txt",
			);
			runOnlyForDeploymentPostprocessing = 0;
			shellPath = /bin/sh;
			shellScript = "diff \"${PODS_PODFILE_DIR_PATH}/Podfile.lock\" \"${PODS_ROOT}/Manifest.lock\" > /dev/null\nif [ $? != 0 ] ; then\n    # print error to STDERR\n    echo \"error: The sandbox is not in sync with the Podfile.lock. Run 'pod install' or update your CocoaPods installation.\" >&2\n    exit 1\nfi\n# This output is used by Xcode 'outputs' to avoid re-running this script phase.\necho \"SUCCESS\" > \"${SCRIPT_OUTPUT_FILE_0}\"\n";
			showEnvVarsInLog = 0;
		};
/* End PBXShellScriptBuildPhase section */

/* Begin PBXSourcesBuildPhase section */
		9D26B57126BBA28B005D0D1A /* Sources */ = {
			isa = PBXSourcesBuildPhase;
			buildActionMask = 2147483647;
			files = (
				9DF6D0AF26BEA48C0090B0C2 /* CalendarViewController.swift in Sources */,
				F173DD6E26BEE1BE0097A387 /* CalendarModel.swift in Sources */,
				9D26B57D26BBA28B005D0D1A /* ViewController.swift in Sources */,
				9D26B57926BBA28B005D0D1A /* AppDelegate.swift in Sources */,
				9D26B57B26BBA28B005D0D1A /* SceneDelegate.swift in Sources */,
			);
			runOnlyForDeploymentPostprocessing = 0;
		};
/* End PBXSourcesBuildPhase section */

/* Begin PBXVariantGroup section */
		9D26B57E26BBA28B005D0D1A /* Main.storyboard */ = {
			isa = PBXVariantGroup;
			children = (
				9D26B57F26BBA28B005D0D1A /* Base */,
			);
			name = Main.storyboard;
			sourceTree = "<group>";
		};
		9D26B58326BBA28E005D0D1A /* LaunchScreen.storyboard */ = {
			isa = PBXVariantGroup;
			children = (
				9D26B58426BBA28E005D0D1A /* Base */,
			);
			name = LaunchScreen.storyboard;
			sourceTree = "<group>";
		};
/* End PBXVariantGroup section */

/* Begin XCBuildConfiguration section */
		9D26B58726BBA28E005D0D1A /* Debug */ = {
			isa = XCBuildConfiguration;
			buildSettings = {
				ALWAYS_SEARCH_USER_PATHS = NO;
				CLANG_ANALYZER_NONNULL = YES;
				CLANG_ANALYZER_NUMBER_OBJECT_CONVERSION = YES_AGGRESSIVE;
				CLANG_CXX_LANGUAGE_STANDARD = "gnu++14";
				CLANG_CXX_LIBRARY = "libc++";
				CLANG_ENABLE_MODULES = YES;
				CLANG_ENABLE_OBJC_ARC = YES;
				CLANG_ENABLE_OBJC_WEAK = YES;
				CLANG_WARN_BLOCK_CAPTURE_AUTORELEASING = YES;
				CLANG_WARN_BOOL_CONVERSION = YES;
				CLANG_WARN_COMMA = YES;
				CLANG_WARN_CONSTANT_CONVERSION = YES;
				CLANG_WARN_DEPRECATED_OBJC_IMPLEMENTATIONS = YES;
				CLANG_WARN_DIRECT_OBJC_ISA_USAGE = YES_ERROR;
				CLANG_WARN_DOCUMENTATION_COMMENTS = YES;
				CLANG_WARN_EMPTY_BODY = YES;
				CLANG_WARN_ENUM_CONVERSION = YES;
				CLANG_WARN_INFINITE_RECURSION = YES;
				CLANG_WARN_INT_CONVERSION = YES;
				CLANG_WARN_NON_LITERAL_NULL_CONVERSION = YES;
				CLANG_WARN_OBJC_IMPLICIT_RETAIN_SELF = YES;
				CLANG_WARN_OBJC_LITERAL_CONVERSION = YES;
				CLANG_WARN_OBJC_ROOT_CLASS = YES_ERROR;
				CLANG_WARN_QUOTED_INCLUDE_IN_FRAMEWORK_HEADER = YES;
				CLANG_WARN_RANGE_LOOP_ANALYSIS = YES;
				CLANG_WARN_STRICT_PROTOTYPES = YES;
				CLANG_WARN_SUSPICIOUS_MOVE = YES;
				CLANG_WARN_UNGUARDED_AVAILABILITY = YES_AGGRESSIVE;
				CLANG_WARN_UNREACHABLE_CODE = YES;
				CLANG_WARN__DUPLICATE_METHOD_MATCH = YES;
				COPY_PHASE_STRIP = NO;
				DEBUG_INFORMATION_FORMAT = dwarf;
				ENABLE_STRICT_OBJC_MSGSEND = YES;
				ENABLE_TESTABILITY = YES;
				GCC_C_LANGUAGE_STANDARD = gnu11;
				GCC_DYNAMIC_NO_PIC = NO;
				GCC_NO_COMMON_BLOCKS = YES;
				GCC_OPTIMIZATION_LEVEL = 0;
				GCC_PREPROCESSOR_DEFINITIONS = (
					"DEBUG=1",
					"$(inherited)",
				);
				GCC_WARN_64_TO_32_BIT_CONVERSION = YES;
				GCC_WARN_ABOUT_RETURN_TYPE = YES_ERROR;
				GCC_WARN_UNDECLARED_SELECTOR = YES;
				GCC_WARN_UNINITIALIZED_AUTOS = YES_AGGRESSIVE;
				GCC_WARN_UNUSED_FUNCTION = YES;
				GCC_WARN_UNUSED_VARIABLE = YES;
				IPHONEOS_DEPLOYMENT_TARGET = 14.5;
				MTL_ENABLE_DEBUG_INFO = INCLUDE_SOURCE;
				MTL_FAST_MATH = YES;
				ONLY_ACTIVE_ARCH = YES;
				SDKROOT = iphoneos;
				SWIFT_ACTIVE_COMPILATION_CONDITIONS = DEBUG;
				SWIFT_OPTIMIZATION_LEVEL = "-Onone";
			};
			name = Debug;
		};
		9D26B58826BBA28E005D0D1A /* Release */ = {
			isa = XCBuildConfiguration;
			buildSettings = {
				ALWAYS_SEARCH_USER_PATHS = NO;
				CLANG_ANALYZER_NONNULL = YES;
				CLANG_ANALYZER_NUMBER_OBJECT_CONVERSION = YES_AGGRESSIVE;
				CLANG_CXX_LANGUAGE_STANDARD = "gnu++14";
				CLANG_CXX_LIBRARY = "libc++";
				CLANG_ENABLE_MODULES = YES;
				CLANG_ENABLE_OBJC_ARC = YES;
				CLANG_ENABLE_OBJC_WEAK = YES;
				CLANG_WARN_BLOCK_CAPTURE_AUTORELEASING = YES;
				CLANG_WARN_BOOL_CONVERSION = YES;
				CLANG_WARN_COMMA = YES;
				CLANG_WARN_CONSTANT_CONVERSION = YES;
				CLANG_WARN_DEPRECATED_OBJC_IMPLEMENTATIONS = YES;
				CLANG_WARN_DIRECT_OBJC_ISA_USAGE = YES_ERROR;
				CLANG_WARN_DOCUMENTATION_COMMENTS = YES;
				CLANG_WARN_EMPTY_BODY = YES;
				CLANG_WARN_ENUM_CONVERSION = YES;
				CLANG_WARN_INFINITE_RECURSION = YES;
				CLANG_WARN_INT_CONVERSION = YES;
				CLANG_WARN_NON_LITERAL_NULL_CONVERSION = YES;
				CLANG_WARN_OBJC_IMPLICIT_RETAIN_SELF = YES;
				CLANG_WARN_OBJC_LITERAL_CONVERSION = YES;
				CLANG_WARN_OBJC_ROOT_CLASS = YES_ERROR;
				CLANG_WARN_QUOTED_INCLUDE_IN_FRAMEWORK_HEADER = YES;
				CLANG_WARN_RANGE_LOOP_ANALYSIS = YES;
				CLANG_WARN_STRICT_PROTOTYPES = YES;
				CLANG_WARN_SUSPICIOUS_MOVE = YES;
				CLANG_WARN_UNGUARDED_AVAILABILITY = YES_AGGRESSIVE;
				CLANG_WARN_UNREACHABLE_CODE = YES;
				CLANG_WARN__DUPLICATE_METHOD_MATCH = YES;
				COPY_PHASE_STRIP = NO;
				DEBUG_INFORMATION_FORMAT = "dwarf-with-dsym";
				ENABLE_NS_ASSERTIONS = NO;
				ENABLE_STRICT_OBJC_MSGSEND = YES;
				GCC_C_LANGUAGE_STANDARD = gnu11;
				GCC_NO_COMMON_BLOCKS = YES;
				GCC_WARN_64_TO_32_BIT_CONVERSION = YES;
				GCC_WARN_ABOUT_RETURN_TYPE = YES_ERROR;
				GCC_WARN_UNDECLARED_SELECTOR = YES;
				GCC_WARN_UNINITIALIZED_AUTOS = YES_AGGRESSIVE;
				GCC_WARN_UNUSED_FUNCTION = YES;
				GCC_WARN_UNUSED_VARIABLE = YES;
				IPHONEOS_DEPLOYMENT_TARGET = 14.5;
				MTL_ENABLE_DEBUG_INFO = NO;
				MTL_FAST_MATH = YES;
				SDKROOT = iphoneos;
				SWIFT_COMPILATION_MODE = wholemodule;
				SWIFT_OPTIMIZATION_LEVEL = "-O";
				VALIDATE_PRODUCT = YES;
			};
			name = Release;
		};
		9D26B58A26BBA28E005D0D1A /* Debug */ = {
			isa = XCBuildConfiguration;
			baseConfigurationReference = 84828915C57C15E84288D12A /* Pods-calendar.debug.xcconfig */;
			buildSettings = {
				ASSETCATALOG_COMPILER_APPICON_NAME = AppIcon;
				ASSETCATALOG_COMPILER_GLOBAL_ACCENT_COLOR_NAME = AccentColor;
				CODE_SIGN_STYLE = Automatic;
				INFOPLIST_FILE = calendar/Info.plist;
				LD_RUNPATH_SEARCH_PATHS = (
					"$(inherited)",
					"@executable_path/Frameworks",
				);
				PRODUCT_BUNDLE_IDENTIFIER = com.test.calendar;
				PRODUCT_NAME = "$(TARGET_NAME)";
				SWIFT_VERSION = 5.0;
				TARGETED_DEVICE_FAMILY = "1,2";
			};
			name = Debug;
		};
		9D26B58B26BBA28E005D0D1A /* Release */ = {
			isa = XCBuildConfiguration;
			baseConfigurationReference = 5D96B2A019E1780A4DC6E1A9 /* Pods-calendar.release.xcconfig */;
			buildSettings = {
				ASSETCATALOG_COMPILER_APPICON_NAME = AppIcon;
				ASSETCATALOG_COMPILER_GLOBAL_ACCENT_COLOR_NAME = AccentColor;
				CODE_SIGN_STYLE = Automatic;
				INFOPLIST_FILE = calendar/Info.plist;
				LD_RUNPATH_SEARCH_PATHS = (
					"$(inherited)",
					"@executable_path/Frameworks",
				);
				PRODUCT_BUNDLE_IDENTIFIER = com.test.calendar;
				PRODUCT_NAME = "$(TARGET_NAME)";
				SWIFT_VERSION = 5.0;
				TARGETED_DEVICE_FAMILY = "1,2";
			};
			name = Release;
		};
/* End XCBuildConfiguration section */

/* Begin XCConfigurationList section */
		9D26B57026BBA28B005D0D1A /* Build configuration list for PBXProject "calendar" */ = {
			isa = XCConfigurationList;
			buildConfigurations = (
				9D26B58726BBA28E005D0D1A /* Debug */,
				9D26B58826BBA28E005D0D1A /* Release */,
			);
			defaultConfigurationIsVisible = 0;
			defaultConfigurationName = Release;
		};
		9D26B58926BBA28E005D0D1A /* Build configuration list for PBXNativeTarget "calendar" */ = {
			isa = XCConfigurationList;
			buildConfigurations = (
				9D26B58A26BBA28E005D0D1A /* Debug */,
				9D26B58B26BBA28E005D0D1A /* Release */,
			);
			defaultConfigurationIsVisible = 0;
			defaultConfigurationName = Release;
		};
/* End XCConfigurationList section */
	};
	rootObject = 9D26B56D26BBA28B005D0D1A /* Project object */;
}
